
Microsoft Visual Studio Solution File, Format Version 12.00
# Visual Studio 14
VisualStudioVersion = 14.0.25420.1
MinimumVisualStudioVersion = 10.0.40219.1
Project("{2150E333-8FDC-42A3-9474-1A3956D46DE8}") = "src", "src", "{7A54D7E1-6E98-42BE-B4CA-0D4DBBAB2772}"
EndProject
Project("{2150E333-8FDC-42A3-9474-1A3956D46DE8}") = "Solution Items", "Solution Items", "{5D5F7286-C404-4358-8EDB-F3C681FFC30C}"
	ProjectSection(SolutionItems) = preProject
		global.json = global.json
	EndProjectSection
EndProject
Project("{8BB2217D-0F2D-49D1-97BC-3654ED321F3B}") = "NetCoreNativeCall", "src\NetCoreNativeCall\NetCoreNativeCall.xproj", "{4FE4980B-A297-499D-8E7B-0885251F2047}"
EndProject
Global
	GlobalSection(SolutionConfigurationPlatforms) = preSolution
		Debug|Any CPU = Debug|Any CPU
		Release|Any CPU = Release|Any CPU
	EndGlobalSection
	GlobalSection(ProjectConfigurationPlatforms) = postSolution
		{4FE4980B-A297-499D-8E7B-0885251F2047}.Debug|Any CPU.ActiveCfg = Debug|Any CPU
		{4FE4980B-A297-499D-8E7B-0885251F2047}.Debug|Any CPU.Build.0 = Debug|Any CPU
		{4FE4980B-A297-499D-8E7B-0885251F2047}.Release|Any CPU.ActiveCfg = Release|Any CPU
		{4FE4980B-A297-499D-8E7B-0885251F2047}.Release|Any CPU.Build.0 = Release|Any CPU
	EndGlobalSection
	GlobalSection(SolutionProperties) = preSolution
		HideSolutionNode = FALSE
	EndGlobalSection
	GlobalSection(NestedProjects) = preSolution
		{4FE4980B-A297-499D-8E7B-0885251F2047} = {7A54D7E1-6E98-42BE-B4CA-0D4DBBAB2772}
	EndGlobalSection
EndGlobal
